
Microsoft Visual Studio Solution File, Format Version 12.00
# Visual Studio Version 17
VisualStudioVersion = 17.3.32922.545
MinimumVisualStudioVersion = 10.0.40219.1
Project("{FAE04EC0-301F-11D3-BF4B-00C04F79EFBC}") = "Task1", "Task1.csproj", "{B7EAA051-92E9-4FE1-ACC1-1B475EDF34CB}"
EndProject
Global
	GlobalSection(SolutionConfigurationPlatforms) = preSolution
		Debug|Any CPU = Debug|Any CPU
		Release|Any CPU = Release|Any CPU
	EndGlobalSection
	GlobalSection(ProjectConfigurationPlatforms) = postSolution
		{B7EAA051-92E9-4FE1-ACC1-1B475EDF34CB}.Debug|Any CPU.ActiveCfg = Debug|Any CPU
		{B7EAA051-92E9-4FE1-ACC1-1B475EDF34CB}.Debug|Any CPU.Build.0 = Debug|Any CPU
		{B7EAA051-92E9-4FE1-ACC1-1B475EDF34CB}.Release|Any CPU.ActiveCfg = Release|Any CPU
		{B7EAA051-92E9-4FE1-ACC1-1B475EDF34CB}.Release|Any CPU.Build.0 = Release|Any CPU
	EndGlobalSection
	GlobalSection(SolutionProperties) = preSolution
		HideSolutionNode = FALSE
	EndGlobalSection
	GlobalSection(ExtensibilityGlobals) = postSolution
		SolutionGuid = {48EA0468-5745-4D13-A7FE-F338526C1B74}
	EndGlobalSection
EndGlobal
