
Microsoft Visual Studio Solution File, Format Version 12.00
# Visual Studio Version 16
VisualStudioVersion = 25.0.1704.0
MinimumVisualStudioVersion = 10.0.40219.1
Project("{FAE04EC0-301F-11D3-BF4B-00C04F79EFBC}") = "SeleniumTask2.Infrastructure", "SeleniumTask2.Infrastructure.csproj", "{D70C9F4E-D94E-4664-8292-3D7A7BC95DE1}"
EndProject
Global
	GlobalSection(SolutionConfigurationPlatforms) = preSolution
		Debug|Any CPU = Debug|Any CPU
		Release|Any CPU = Release|Any CPU
	EndGlobalSection
	GlobalSection(ProjectConfigurationPlatforms) = postSolution
		{D70C9F4E-D94E-4664-8292-3D7A7BC95DE1}.Debug|Any CPU.ActiveCfg = Debug|Any CPU
		{D70C9F4E-D94E-4664-8292-3D7A7BC95DE1}.Debug|Any CPU.Build.0 = Debug|Any CPU
		{D70C9F4E-D94E-4664-8292-3D7A7BC95DE1}.Release|Any CPU.ActiveCfg = Release|Any CPU
		{D70C9F4E-D94E-4664-8292-3D7A7BC95DE1}.Release|Any CPU.Build.0 = Release|Any CPU
	EndGlobalSection
	GlobalSection(SolutionProperties) = preSolution
		HideSolutionNode = FALSE
	EndGlobalSection
	GlobalSection(ExtensibilityGlobals) = postSolution
		SolutionGuid = {05D272D9-2A2E-4B29-9343-716A94459067}
	EndGlobalSection
EndGlobal
